
Microsoft Visual Studio Solution File, Format Version 12.00
# Visual Studio 15
VisualStudioVersion = 15.0.27703.2042
MinimumVisualStudioVersion = 10.0.40219.1
Project("{FAE04EC0-301F-11D3-BF4B-00C04F79EFBC}") = "RouterMan", "RouterMan\RouterMan.csproj", "{56B831D6-EAD3-4E44-93DC-704157837D93}"
EndProject
Global
	GlobalSection(SolutionConfigurationPlatforms) = preSolution
		Debug|Any CPU = Debug|Any CPU
		Debug|x86 = Debug|x86
		Release|Any CPU = Release|Any CPU
		Release|x86 = Release|x86
	EndGlobalSection
	GlobalSection(ProjectConfigurationPlatforms) = postSolution
		{56B831D6-EAD3-4E44-93DC-704157837D93}.Debug|Any CPU.ActiveCfg = Debug|Any CPU
		{56B831D6-EAD3-4E44-93DC-704157837D93}.Debug|Any CPU.Build.0 = Debug|Any CPU
		{56B831D6-EAD3-4E44-93DC-704157837D93}.Debug|x86.ActiveCfg = Debug|x86
		{56B831D6-EAD3-4E44-93DC-704157837D93}.Debug|x86.Build.0 = Debug|x86
		{56B831D6-EAD3-4E44-93DC-704157837D93}.Release|Any CPU.ActiveCfg = Release|Any CPU
		{56B831D6-EAD3-4E44-93DC-704157837D93}.Release|Any CPU.Build.0 = Release|Any CPU
		{56B831D6-EAD3-4E44-93DC-704157837D93}.Release|x86.ActiveCfg = Release|x86
		{56B831D6-EAD3-4E44-93DC-704157837D93}.Release|x86.Build.0 = Release|x86
	EndGlobalSection
	GlobalSection(SolutionProperties) = preSolution
		HideSolutionNode = FALSE
	EndGlobalSection
	GlobalSection(ExtensibilityGlobals) = postSolution
		SolutionGuid = {07CBAE6B-F22B-4BEE-A5C7-7491002C5952}
	EndGlobalSection
EndGlobal
